dependencies:
- name: java
  repository: https://hmctspublic.azurecr.io/helm/v1/repo
  version: 2.2.2
- name: postgresql
  repository: https://kubernetes-charts.storage.googleapis.com
  version: 2.6.6
- name: cmc-citizen-frontend
  repository: https://hmctspublic.azurecr.io/helm/v1/repo
  version: 1.0.8
- name: ccd
  repository: http://127.0.0.1:8879/charts
  version: 4.0.0
digest: sha256:f0fd136eeb95540d1cbbca13125bad91508a536005db94c38f9a35d937a6e7ef
generated: "2019-09-16T22:10:21.682271+01:00"
